// !$*UTF8*$!
{
	archiveVersion = 1;
	classes = {
	};
	objectVersion = 48;
	objects = {

/* Begin PBXBuildFile section */
		56CFBAE9C78796A39F4EE31C /* Pods_QueSerie.framework in Frameworks */ = {isa = PBXBuildFile; fileRef = EF9244EA08A70667ACF0A338 /* Pods_QueSerie.framework */; };
		76B5BF442042454100A76A15 /* AppDelegate.swift in Sources */ = {isa = PBXBuildFile; fileRef = 76B5BF432042454100A76A15 /* AppDelegate.swift */; };
		76B5BF492042454100A76A15 /* Main.storyboard in Resources */ = {isa = PBXBuildFile; fileRef = 76B5BF472042454100A76A15 /* Main.storyboard */; };
		76B5BF4C2042454100A76A15 /* QueSerie.xcdatamodeld in Sources */ = {isa = PBXBuildFile; fileRef = 76B5BF4A2042454100A76A15 /* QueSerie.xcdatamodeld */; };
		76B5BF512042454100A76A15 /* LaunchScreen.storyboard in Resources */ = {isa = PBXBuildFile; fileRef = 76B5BF4F2042454100A76A15 /* LaunchScreen.storyboard */; };
		76B5BF5C2042454100A76A15 /* QueSerieTests.swift in Sources */ = {isa = PBXBuildFile; fileRef = 76B5BF5B2042454100A76A15 /* QueSerieTests.swift */; };
		76B5BF672042454100A76A15 /* QueSerieUITests.swift in Sources */ = {isa = PBXBuildFile; fileRef = 76B5BF662042454100A76A15 /* QueSerieUITests.swift */; };
		76B5BF752042532100A76A15 /* ESMovieJson.swift in Sources */ = {isa = PBXBuildFile; fileRef = 76B5BF742042532100A76A15 /* ESMovieJson.swift */; };
		76F414E8204307A8007F50C2 /* ESListMovies.swift in Sources */ = {isa = PBXBuildFile; fileRef = 76F414E7204307A8007F50C2 /* ESListMovies.swift */; };
		76F414EA204307B5007F50C2 /* ESFavoriteMovies.swift in Sources */ = {isa = PBXBuildFile; fileRef = 76F414E9204307B5007F50C2 /* ESFavoriteMovies.swift */; };
		76F414EC204307C9007F50C2 /* ESSearchMovie.swift in Sources */ = {isa = PBXBuildFile; fileRef = 76F414EB204307C9007F50C2 /* ESSearchMovie.swift */; };
		76F414EE20430CE8007F50C2 /* ESMoviewCell.swift in Sources */ = {isa = PBXBuildFile; fileRef = 76F414ED20430CE8007F50C2 /* ESMoviewCell.swift */; };
		76F414F220435D10007F50C2 /* ESMovieModel.swift in Sources */ = {isa = PBXBuildFile; fileRef = 76F414F120435D10007F50C2 /* ESMovieModel.swift */; };
		76F414F42043B39F007F50C2 /* ESDetalhemovie.swift in Sources */ = {isa = PBXBuildFile; fileRef = 76F414F32043B39F007F50C2 /* ESDetalhemovie.swift */; };
		76F4A3E620446CD10002E2DC /* Assets.xcassets in Resources */ = {isa = PBXBuildFile; fileRef = 76B5BF4D2042454100A76A15 /* Assets.xcassets */; };
		76F4A3E82044AF790002E2DC /* ESVideo.swift in Sources */ = {isa = PBXBuildFile; fileRef = 76F4A3E72044AF790002E2DC /* ESVideo.swift */; };
		76F4A3EA2044AFB60002E2DC /* ESVIdeoDetail.swift in Sources */ = {isa = PBXBuildFile; fileRef = 76F4A3E92044AFB60002E2DC /* ESVIdeoDetail.swift */; };
		83CF5DE6D028E5691472EF89 /* Pods_QueSerieTests.framework in Frameworks */ = {isa = PBXBuildFile; fileRef = 2D7BA0671FFC1D123A5153FF /* Pods_QueSerieTests.framework */; };
		86B7B52131D59F2B34BA7E0E /* Pods_QueSerieUITests.framework in Frameworks */ = {isa = PBXBuildFile; fileRef = 0ABF361004DD3C236F0531AD /* Pods_QueSerieUITests.framework */; };
/* End PBXBuildFile section */

/* Begin PBXContainerItemProxy section */
		76B5BF582042454100A76A15 /* PBXContainerItemProxy */ = {
			isa = PBXContainerItemProxy;
			containerPortal = 76B5BF382042454100A76A15 /* Project object */;
			proxyType = 1;
			remoteGlobalIDString = 76B5BF3F2042454100A76A15;
			remoteInfo = QueSerie;
		};
		76B5BF632042454100A76A15 /* PBXContainerItemProxy */ = {
			isa = PBXContainerItemProxy;
			containerPortal = 76B5BF382042454100A76A15 /* Project object */;
			proxyType = 1;
			remoteGlobalIDString = 76B5BF3F2042454100A76A15;
			remoteInfo = QueSerie;
		};
/* End PBXContainerItemProxy section */

/* Begin PBXFileReference section */
		0ABF361004DD3C236F0531AD /* Pods_QueSerieUITests.framework */ = {isa = PBXFileReference; explicitFileType = wrapper.framework; includeInIndex = 0; path = Pods_QueSerieUITests.framework; sourceTree = BUILT_PRODUCTS_DIR; };
		1A251C9E73A62BBFD64C45DE /* Pods-QueSerie.release.xcconfig */ = {isa = PBXFileReference; includeInIndex = 1; lastKnownFileType = text.xcconfig; name = "Pods-QueSerie.release.xcconfig"; path = "Pods/Target Support Files/Pods-QueSerie/Pods-QueSerie.release.xcconfig"; sourceTree = "<group>"; };
		2D7BA0671FFC1D123A5153FF /* Pods_QueSerieTests.framework */ = {isa = PBXFileReference; explicitFileType = wrapper.framework; includeInIndex = 0; path = Pods_QueSerieTests.framework; sourceTree = BUILT_PRODUCTS_DIR; };
		2F2D57F8474EE2C6B40FAAA2 /* Pods-QueSerie.debug.xcconfig */ = {isa = PBXFileReference; includeInIndex = 1; lastKnownFileType = text.xcconfig; name = "Pods-QueSerie.debug.xcconfig"; path = "Pods/Target Support Files/Pods-QueSerie/Pods-QueSerie.debug.xcconfig"; sourceTree = "<group>"; };
		312115633DF01335E59914F5 /* Pods-QueSerieUITests.debug.xcconfig */ = {isa = PBXFileReference; includeInIndex = 1; lastKnownFileType = text.xcconfig; name = "Pods-QueSerieUITests.debug.xcconfig"; path = "Pods/Target Support Files/Pods-QueSerieUITests/Pods-QueSerieUITests.debug.xcconfig"; sourceTree = "<group>"; };
		4EA7428E977204A83B7D33E4 /* Pods-QueSerieTests.release.xcconfig */ = {isa = PBXFileReference; includeInIndex = 1; lastKnownFileType = text.xcconfig; name = "Pods-QueSerieTests.release.xcconfig"; path = "Pods/Target Support Files/Pods-QueSerieTests/Pods-QueSerieTests.release.xcconfig"; sourceTree = "<group>"; };
		76B5BF402042454100A76A15 /* QueSerie.app */ = {isa = PBXFileReference; explicitFileType = wrapper.application; includeInIndex = 0; path = QueSerie.app; sourceTree = BUILT_PRODUCTS_DIR; };
		76B5BF432042454100A76A15 /* AppDelegate.swift */ = {isa = PBXFileReference; lastKnownFileType = sourcecode.swift; path = AppDelegate.swift; sourceTree = "<group>"; };
		76B5BF482042454100A76A15 /* Base */ = {isa = PBXFileReference; lastKnownFileType = file.storyboard; name = Base; path = Base.lproj/Main.storyboard; sourceTree = "<group>"; };
		76B5BF4B2042454100A76A15 /* QueSerie.xcdatamodel */ = {isa = PBXFileReference; lastKnownFileType = wrapper.xcdatamodel; path = QueSerie.xcdatamodel; sourceTree = "<group>"; };
		76B5BF4D2042454100A76A15 /* Assets.xcassets */ = {isa = PBXFileReference; lastKnownFileType = folder.assetcatalog; path = Assets.xcassets; sourceTree = "<group>"; };
		76B5BF502042454100A76A15 /* Base */ = {isa = PBXFileReference; lastKnownFileType = file.storyboard; name = Base; path = Base.lproj/LaunchScreen.storyboard; sourceTree = "<group>"; };
		76B5BF522042454100A76A15 /* Info.plist */ = {isa = PBXFileReference; lastKnownFileType = text.plist.xml; path = Info.plist; sourceTree = "<group>"; };
		76B5BF572042454100A76A15 /* QueSerieTests.xctest */ = {isa = PBXFileReference; explicitFileType = wrapper.cfbundle; includeInIndex = 0; path = QueSerieTests.xctest; sourceTree = BUILT_PRODUCTS_DIR; };
		76B5BF5B2042454100A76A15 /* QueSerieTests.swift */ = {isa = PBXFileReference; lastKnownFileType = sourcecode.swift; path = QueSerieTests.swift; sourceTree = "<group>"; };
		76B5BF5D2042454100A76A15 /* Info.plist */ = {isa = PBXFileReference; lastKnownFileType = text.plist.xml; path = Info.plist; sourceTree = "<group>"; };
		76B5BF622042454100A76A15 /* QueSerieUITests.xctest */ = {isa = PBXFileReference; explicitFileType = wrapper.cfbundle; includeInIndex = 0; path = QueSerieUITests.xctest; sourceTree = BUILT_PRODUCTS_DIR; };
		76B5BF662042454100A76A15 /* QueSerieUITests.swift */ = {isa = PBXFileReference; lastKnownFileType = sourcecode.swift; path = QueSerieUITests.swift; sourceTree = "<group>"; };
		76B5BF682042454100A76A15 /* Info.plist */ = {isa = PBXFileReference; lastKnownFileType = text.plist.xml; path = Info.plist; sourceTree = "<group>"; };
		76B5BF742042532100A76A15 /* ESMovieJson.swift */ = {isa = PBXFileReference; lastKnownFileType = sourcecode.swift; path = ESMovieJson.swift; sourceTree = "<group>"; };
		76F414E7204307A8007F50C2 /* ESListMovies.swift */ = {isa = PBXFileReference; lastKnownFileType = sourcecode.swift; path = ESListMovies.swift; sourceTree = "<group>"; };
		76F414E9204307B5007F50C2 /* ESFavoriteMovies.swift */ = {isa = PBXFileReference; lastKnownFileType = sourcecode.swift; path = ESFavoriteMovies.swift; sourceTree = "<group>"; };
		76F414EB204307C9007F50C2 /* ESSearchMovie.swift */ = {isa = PBXFileReference; lastKnownFileType = sourcecode.swift; path = ESSearchMovie.swift; sourceTree = "<group>"; };
		76F414ED20430CE8007F50C2 /* ESMoviewCell.swift */ = {isa = PBXFileReference; lastKnownFileType = sourcecode.swift; path = ESMoviewCell.swift; sourceTree = "<group>"; };
		76F414F120435D10007F50C2 /* ESMovieModel.swift */ = {isa = PBXFileReference; lastKnownFileType = sourcecode.swift; path = ESMovieModel.swift; sourceTree = "<group>"; };
		76F414F32043B39F007F50C2 /* ESDetalhemovie.swift */ = {isa = PBXFileReference; lastKnownFileType = sourcecode.swift; path = ESDetalhemovie.swift; sourceTree = "<group>"; };
		76F4A3E72044AF790002E2DC /* ESVideo.swift */ = {isa = PBXFileReference; lastKnownFileType = sourcecode.swift; path = ESVideo.swift; sourceTree = "<group>"; };
		76F4A3E92044AFB60002E2DC /* ESVIdeoDetail.swift */ = {isa = PBXFileReference; lastKnownFileType = sourcecode.swift; path = ESVIdeoDetail.swift; sourceTree = "<group>"; };
		D528D1C1B9742E74A9C90EC8 /* Pods-QueSerieTests.debug.xcconfig */ = {isa = PBXFileReference; includeInIndex = 1; lastKnownFileType = text.xcconfig; name = "Pods-QueSerieTests.debug.xcconfig"; path = "Pods/Target Support Files/Pods-QueSerieTests/Pods-QueSerieTests.debug.xcconfig"; sourceTree = "<group>"; };
		D5BB83F875780091CD3667A0 /* Pods-QueSerieUITests.release.xcconfig */ = {isa = PBXFileReference; includeInIndex = 1; lastKnownFileType = text.xcconfig; name = "Pods-QueSerieUITests.release.xcconfig"; path = "Pods/Target Support Files/Pods-QueSerieUITests/Pods-QueSerieUITests.release.xcconfig"; sourceTree = "<group>"; };
		EF9244EA08A70667ACF0A338 /* Pods_QueSerie.framework */ = {isa = PBXFileReference; explicitFileType = wrapper.framework; includeInIndex = 0; path = Pods_QueSerie.framework; sourceTree = BUILT_PRODUCTS_DIR; };
/* End PBXFileReference section */

/* Begin PBXFrameworksBuildPhase section */
		76B5BF3D2042454100A76A15 /* Frameworks */ = {
			isa = PBXFrameworksBuildPhase;
			buildActionMask = 2147483647;
			files = (
				56CFBAE9C78796A39F4EE31C /* Pods_QueSerie.framework in Frameworks */,
			);
			runOnlyForDeploymentPostprocessing = 0;
		};
		76B5BF542042454100A76A15 /* Frameworks */ = {
			isa = PBXFrameworksBuildPhase;
			buildActionMask = 2147483647;
			files = (
				83CF5DE6D028E5691472EF89 /* Pods_QueSerieTests.framework in Frameworks */,
			);
			runOnlyForDeploymentPostprocessing = 0;
		};
		76B5BF5F2042454100A76A15 /* Frameworks */ = {
			isa = PBXFrameworksBuildPhase;
			buildActionMask = 2147483647;
			files = (
				86B7B52131D59F2B34BA7E0E /* Pods_QueSerieUITests.framework in Frameworks */,
			);
			runOnlyForDeploymentPostprocessing = 0;
		};
/* End PBXFrameworksBuildPhase section */

/* Begin PBXGroup section */
		157A58568DD6269B508BF9DC /* Pods */ = {
			isa = PBXGroup;
			children = (
				2F2D57F8474EE2C6B40FAAA2 /* Pods-QueSerie.debug.xcconfig */,
				1A251C9E73A62BBFD64C45DE /* Pods-QueSerie.release.xcconfig */,
				D528D1C1B9742E74A9C90EC8 /* Pods-QueSerieTests.debug.xcconfig */,
				4EA7428E977204A83B7D33E4 /* Pods-QueSerieTests.release.xcconfig */,
				312115633DF01335E59914F5 /* Pods-QueSerieUITests.debug.xcconfig */,
				D5BB83F875780091CD3667A0 /* Pods-QueSerieUITests.release.xcconfig */,
			);
			name = Pods;
			sourceTree = "<group>";
		};
		76B5BF372042454100A76A15 = {
			isa = PBXGroup;
			children = (
				76B5BF422042454100A76A15 /* QueSerie */,
				76B5BF5A2042454100A76A15 /* QueSerieTests */,
				76B5BF652042454100A76A15 /* QueSerieUITests */,
				76B5BF412042454100A76A15 /* Products */,
				157A58568DD6269B508BF9DC /* Pods */,
				A235C8FBE8C14848E80D8B7C /* Frameworks */,
			);
			sourceTree = "<group>";
		};
		76B5BF412042454100A76A15 /* Products */ = {
			isa = PBXGroup;
			children = (
				76B5BF402042454100A76A15 /* QueSerie.app */,
				76B5BF572042454100A76A15 /* QueSerieTests.xctest */,
				76B5BF622042454100A76A15 /* QueSerieUITests.xctest */,
			);
			name = Products;
			sourceTree = "<group>";
		};
		76B5BF422042454100A76A15 /* QueSerie */ = {
			isa = PBXGroup;
			children = (
				76B5BF432042454100A76A15 /* AppDelegate.swift */,
				76B5BF472042454100A76A15 /* Main.storyboard */,
				76B5BF4D2042454100A76A15 /* Assets.xcassets */,
				76B5BF4F2042454100A76A15 /* LaunchScreen.storyboard */,
				76B5BF522042454100A76A15 /* Info.plist */,
				76B5BF4A2042454100A76A15 /* QueSerie.xcdatamodeld */,
				76B5BF742042532100A76A15 /* ESMovieJson.swift */,
				76F414E7204307A8007F50C2 /* ESListMovies.swift */,
				76F414E9204307B5007F50C2 /* ESFavoriteMovies.swift */,
				76F414EB204307C9007F50C2 /* ESSearchMovie.swift */,
				76F414ED20430CE8007F50C2 /* ESMoviewCell.swift */,
				76F414F120435D10007F50C2 /* ESMovieModel.swift */,
				76F414F32043B39F007F50C2 /* ESDetalhemovie.swift */,
				76F4A3E72044AF790002E2DC /* ESVideo.swift */,
				76F4A3E92044AFB60002E2DC /* ESVIdeoDetail.swift */,
			);
			path = QueSerie;
			sourceTree = "<group>";
		};
		76B5BF5A2042454100A76A15 /* QueSerieTests */ = {
			isa = PBXGroup;
			children = (
				76B5BF5B2042454100A76A15 /* QueSerieTests.swift */,
				76B5BF5D2042454100A76A15 /* Info.plist */,
			);
			path = QueSerieTests;
			sourceTree = "<group>";
		};
		76B5BF652042454100A76A15 /* QueSerieUITests */ = {
			isa = PBXGroup;
			children = (
				76B5BF662042454100A76A15 /* QueSerieUITests.swift */,
				76B5BF682042454100A76A15 /* Info.plist */,
			);
			path = QueSerieUITests;
			sourceTree = "<group>";
		};
		A235C8FBE8C14848E80D8B7C /* Frameworks */ = {
			isa = PBXGroup;
			children = (
				EF9244EA08A70667ACF0A338 /* Pods_QueSerie.framework */,
				2D7BA0671FFC1D123A5153FF /* Pods_QueSerieTests.framework */,
				0ABF361004DD3C236F0531AD /* Pods_QueSerieUITests.framework */,
			);
			name = Frameworks;
			sourceTree = "<group>";
		};
/* End PBXGroup section */

/* Begin PBXNativeTarget section */
		76B5BF3F2042454100A76A15 /* QueSerie */ = {
			isa = PBXNativeTarget;
			buildConfigurationList = 76B5BF6B2042454100A76A15 /* Build configuration list for PBXNativeTarget "QueSerie" */;
			buildPhases = (
				DD161FF82281374368A7D92A /* [CP] Check Pods Manifest.lock */,
				76B5BF3C2042454100A76A15 /* Sources */,
				76B5BF3D2042454100A76A15 /* Frameworks */,
				76B5BF3E2042454100A76A15 /* Resources */,
				B14D637E132CA45F3DD44DD4 /* [CP] Embed Pods Frameworks */,
				527CC3F890D35067BC759A2B /* [CP] Copy Pods Resources */,
			);
			buildRules = (
			);
			dependencies = (
			);
			name = QueSerie;
			productName = QueSerie;
			productReference = 76B5BF402042454100A76A15 /* QueSerie.app */;
			productType = "com.apple.product-type.application";
		};
		76B5BF562042454100A76A15 /* QueSerieTests */ = {
			isa = PBXNativeTarget;
			buildConfigurationList = 76B5BF6E2042454100A76A15 /* Build configuration list for PBXNativeTarget "QueSerieTests" */;
			buildPhases = (
				6240EC1556FB7026D8E648C9 /* [CP] Check Pods Manifest.lock */,
				76B5BF532042454100A76A15 /* Sources */,
				76B5BF542042454100A76A15 /* Frameworks */,
				76B5BF552042454100A76A15 /* Resources */,
				EBABB2A9F7EBEEA1AD563B7B /* [CP] Embed Pods Frameworks */,
				1848FAB74A76CB9E0B36103D /* [CP] Copy Pods Resources */,
			);
			buildRules = (
			);
			dependencies = (
				76B5BF592042454100A76A15 /* PBXTargetDependency */,
			);
			name = QueSerieTests;
			productName = QueSerieTests;
			productReference = 76B5BF572042454100A76A15 /* QueSerieTests.xctest */;
			productType = "com.apple.product-type.bundle.unit-test";
		};
		76B5BF612042454100A76A15 /* QueSerieUITests */ = {
			isa = PBXNativeTarget;
			buildConfigurationList = 76B5BF712042454100A76A15 /* Build configuration list for PBXNativeTarget "QueSerieUITests" */;
			buildPhases = (
				B1D514B8B5052FB029C71BD8 /* [CP] Check Pods Manifest.lock */,
				76B5BF5E2042454100A76A15 /* Sources */,
				76B5BF5F2042454100A76A15 /* Frameworks */,
				76B5BF602042454100A76A15 /* Resources */,
				F2A45ED25777E1C3DA87C94A /* [CP] Embed Pods Frameworks */,
				81E53EF7994E8D13CD03E1DD /* [CP] Copy Pods Resources */,
			);
			buildRules = (
			);
			dependencies = (
				76B5BF642042454100A76A15 /* PBXTargetDependency */,
			);
			name = QueSerieUITests;
			productName = QueSerieUITests;
			productReference = 76B5BF622042454100A76A15 /* QueSerieUITests.xctest */;
			productType = "com.apple.product-type.bundle.ui-testing";
		};
/* End PBXNativeTarget section */

/* Begin PBXProject section */
		76B5BF382042454100A76A15 /* Project object */ = {
			isa = PBXProject;
			attributes = {
				LastSwiftUpdateCheck = 0920;
				LastUpgradeCheck = 0920;
				ORGANIZATIONNAME = "Eddie Saboia";
				TargetAttributes = {
					76B5BF3F2042454100A76A15 = {
						CreatedOnToolsVersion = 9.2;
						ProvisioningStyle = Automatic;
					};
					76B5BF562042454100A76A15 = {
						CreatedOnToolsVersion = 9.2;
						ProvisioningStyle = Automatic;
						TestTargetID = 76B5BF3F2042454100A76A15;
					};
					76B5BF612042454100A76A15 = {
						CreatedOnToolsVersion = 9.2;
						ProvisioningStyle = Automatic;
						TestTargetID = 76B5BF3F2042454100A76A15;
					};
				};
			};
			buildConfigurationList = 76B5BF3B2042454100A76A15 /* Build configuration list for PBXProject "QueSerie" */;
			compatibilityVersion = "Xcode 8.0";
			developmentRegion = en;
			hasScannedForEncodings = 0;
			knownRegions = (
				en,
				Base,
			);
			mainGroup = 76B5BF372042454100A76A15;
			productRefGroup = 76B5BF412042454100A76A15 /* Products */;
			projectDirPath = "";
			projectRoot = "";
			targets = (
				76B5BF3F2042454100A76A15 /* QueSerie */,
				76B5BF562042454100A76A15 /* QueSerieTests */,
				76B5BF612042454100A76A15 /* QueSerieUITests */,
			);
		};
/* End PBXProject section */

/* Begin PBXResourcesBuildPhase section */
		76B5BF3E2042454100A76A15 /* Resources */ = {
			isa = PBXResourcesBuildPhase;
			buildActionMask = 2147483647;
			files = (
				76B5BF512042454100A76A15 /* LaunchScreen.storyboard in Resources */,
				76F4A3E620446CD10002E2DC /* Assets.xcassets in Resources */,
				76B5BF492042454100A76A15 /* Main.storyboard in Resources */,
			);
			runOnlyForDeploymentPostprocessing = 0;
		};
		76B5BF552042454100A76A15 /* Resources */ = {
			isa = PBXResourcesBuildPhase;
			buildActionMask = 2147483647;
			files = (
			);
			runOnlyForDeploymentPostprocessing = 0;
		};
		76B5BF602042454100A76A15 /* Resources */ = {
			isa = PBXResourcesBuildPhase;
			buildActionMask = 2147483647;
			files = (
			);
			runOnlyForDeploymentPostprocessing = 0;
		};
/* End PBXResourcesBuildPhase section */

/* Begin PBXShellScriptBuildPhase section */
		1848FAB74A76CB9E0B36103D /* [CP] Copy Pods Resources */ = {
			isa = PBXShellScriptBuildPhase;
			buildActionMask = 2147483647;
			files = (
			);
			inputPaths = (
			);
			name = "[CP] Copy Pods Resources";
			outputPaths = (
			);
			runOnlyForDeploymentPostprocessing = 0;
			shellPath = /bin/sh;
			shellScript = "\"${SRCROOT}/Pods/Target Support Files/Pods-QueSerieTests/Pods-QueSerieTests-resources.sh\"\n";
			showEnvVarsInLog = 0;
		};
		527CC3F890D35067BC759A2B /* [CP] Copy Pods Resources */ = {
			isa = PBXShellScriptBuildPhase;
			buildActionMask = 2147483647;
			files = (
			);
			inputPaths = (
			);
			name = "[CP] Copy Pods Resources";
			outputPaths = (
			);
			runOnlyForDeploymentPostprocessing = 0;
			shellPath = /bin/sh;
			shellScript = "\"${SRCROOT}/Pods/Target Support Files/Pods-QueSerie/Pods-QueSerie-resources.sh\"\n";
			showEnvVarsInLog = 0;
		};
		6240EC1556FB7026D8E648C9 /* [CP] Check Pods Manifest.lock */ = {
			isa = PBXShellScriptBuildPhase;
			buildActionMask = 2147483647;
			files = (
			);
			inputPaths = (
				"${PODS_PODFILE_DIR_PATH}/Podfile.lock",
				"${PODS_ROOT}/Manifest.lock",
			);
			name = "[CP] Check Pods Manifest.lock";
			outputPaths = (
				"$(DERIVED_FILE_DIR)/Pods-QueSerieTests-checkManifestLockResult.txt",
			);
			runOnlyForDeploymentPostprocessing = 0;
			shellPath = /bin/sh;
			shellScript = "diff \"${PODS_PODFILE_DIR_PATH}/Podfile.lock\" \"${PODS_ROOT}/Manifest.lock\" > /dev/null\nif [ $? != 0 ] ; then\n    # print error to STDERR\n    echo \"error: The sandbox is not in sync with the Podfile.lock. Run 'pod install' or update your CocoaPods installation.\" >&2\n    exit 1\nfi\n# This output is used by Xcode 'outputs' to avoid re-running this script phase.\necho \"SUCCESS\" > \"${SCRIPT_OUTPUT_FILE_0}\"\n";
			showEnvVarsInLog = 0;
		};
		81E53EF7994E8D13CD03E1DD /* [CP] Copy Pods Resources */ = {
			isa = PBXShellScriptBuildPhase;
			buildActionMask = 2147483647;
			files = (
			);
			inputPaths = (
			);
			name = "[CP] Copy Pods Resources";
			outputPaths = (
			);
			runOnlyForDeploymentPostprocessing = 0;
			shellPath = /bin/sh;
			shellScript = "\"${SRCROOT}/Pods/Target Support Files/Pods-QueSerieUITests/Pods-QueSerieUITests-resources.sh\"\n";
			showEnvVarsInLog = 0;
		};
		B14D637E132CA45F3DD44DD4 /* [CP] Embed Pods Frameworks */ = {
			isa = PBXShellScriptBuildPhase;
			buildActionMask = 2147483647;
			files = (
			);
			inputPaths = (
				"${SRCROOT}/Pods/Target Support Files/Pods-QueSerie/Pods-QueSerie-frameworks.sh",
				"${BUILT_PRODUCTS_DIR}/Alamofire/Alamofire.framework",
				"${BUILT_PRODUCTS_DIR}/AlamofireImage/AlamofireImage.framework",
				"${BUILT_PRODUCTS_DIR}/Realm/Realm.framework",
				"${BUILT_PRODUCTS_DIR}/RealmSwift/RealmSwift.framework",
				"${BUILT_PRODUCTS_DIR}/SVProgressHUD/SVProgressHUD.framework",
			);
			name = "[CP] Embed Pods Frameworks";
			outputPaths = (
				"${TARGET_BUILD_DIR}/${FRAMEWORKS_FOLDER_PATH}/Alamofire.framework",
				"${TARGET_BUILD_DIR}/${FRAMEWORKS_FOLDER_PATH}/AlamofireImage.framework",
				"${TARGET_BUILD_DIR}/${FRAMEWORKS_FOLDER_PATH}/Realm.framework",
				"${TARGET_BUILD_DIR}/${FRAMEWORKS_FOLDER_PATH}/RealmSwift.framework",
				"${TARGET_BUILD_DIR}/${FRAMEWORKS_FOLDER_PATH}/SVProgressHUD.framework",
			);
			runOnlyForDeploymentPostprocessing = 0;
			shellPath = /bin/sh;
			shellScript = "\"${SRCROOT}/Pods/Target Support Files/Pods-QueSerie/Pods-QueSerie-frameworks.sh\"\n";
			showEnvVarsInLog = 0;
		};
		B1D514B8B5052FB029C71BD8 /* [CP] Check Pods Manifest.lock */ = {
			isa = PBXShellScriptBuildPhase;
			buildActionMask = 2147483647;
			files = (
			);
			inputPaths = (
				"${PODS_PODFILE_DIR_PATH}/Podfile.lock",
				"${PODS_ROOT}/Manifest.lock",
			);
			name = "[CP] Check Pods Manifest.lock";
			outputPaths = (
				"$(DERIVED_FILE_DIR)/Pods-QueSerieUITests-checkManifestLockResult.txt",
			);
			runOnlyForDeploymentPostprocessing = 0;
			shellPath = /bin/sh;
			shellScript = "diff \"${PODS_PODFILE_DIR_PATH}/Podfile.lock\" \"${PODS_ROOT}/Manifest.lock\" > /dev/null\nif [ $? != 0 ] ; then\n    # print error to STDERR\n    echo \"error: The sandbox is not in sync with the Podfile.lock. Run 'pod install' or update your CocoaPods installation.\" >&2\n    exit 1\nfi\n# This output is used by Xcode 'outputs' to avoid re-running this script phase.\necho \"SUCCESS\" > \"${SCRIPT_OUTPUT_FILE_0}\"\n";
			showEnvVarsInLog = 0;
		};
		DD161FF82281374368A7D92A /* [CP] Check Pods Manifest.lock */ = {
			isa = PBXShellScriptBuildPhase;
			buildActionMask = 2147483647;
			files = (
			);
			inputPaths = (
				"${PODS_PODFILE_DIR_PATH}/Podfile.lock",
				"${PODS_ROOT}/Manifest.lock",
			);
			name = "[CP] Check Pods Manifest.lock";
			outputPaths = (
				"$(DERIVED_FILE_DIR)/Pods-QueSerie-checkManifestLockResult.txt",
			);
			runOnlyForDeploymentPostprocessing = 0;
			shellPath = /bin/sh;
			shellScript = "diff \"${PODS_PODFILE_DIR_PATH}/Podfile.lock\" \"${PODS_ROOT}/Manifest.lock\" > /dev/null\nif [ $? != 0 ] ; then\n    # print error to STDERR\n    echo \"error: The sandbox is not in sync with the Podfile.lock. Run 'pod install' or update your CocoaPods installation.\" >&2\n    exit 1\nfi\n# This output is used by Xcode 'outputs' to avoid re-running this script phase.\necho \"SUCCESS\" > \"${SCRIPT_OUTPUT_FILE_0}\"\n";
			showEnvVarsInLog = 0;
		};
		EBABB2A9F7EBEEA1AD563B7B /* [CP] Embed Pods Frameworks */ = {
			isa = PBXShellScriptBuildPhase;
			buildActionMask = 2147483647;
			files = (
			);
			inputPaths = (
			);
			name = "[CP] Embed Pods Frameworks";
			outputPaths = (
			);
			runOnlyForDeploymentPostprocessing = 0;
			shellPath = /bin/sh;
			shellScript = "\"${SRCROOT}/Pods/Target Support Files/Pods-QueSerieTests/Pods-QueSerieTests-frameworks.sh\"\n";
			showEnvVarsInLog = 0;
		};
		F2A45ED25777E1C3DA87C94A /* [CP] Embed Pods Frameworks */ = {
			isa = PBXShellScriptBuildPhase;
			buildActionMask = 2147483647;
			files = (
			);
			inputPaths = (
			);
			name = "[CP] Embed Pods Frameworks";
			outputPaths = (
			);
			runOnlyForDeploymentPostprocessing = 0;
			shellPath = /bin/sh;
			shellScript = "\"${SRCROOT}/Pods/Target Support Files/Pods-QueSerieUITests/Pods-QueSerieUITests-frameworks.sh\"\n";
			showEnvVarsInLog = 0;
		};
/* End PBXShellScriptBuildPhase section */

/* Begin PBXSourcesBuildPhase section */
		76B5BF3C2042454100A76A15 /* Sources */ = {
			isa = PBXSourcesBuildPhase;
			buildActionMask = 2147483647;
			files = (
				76F414F42043B39F007F50C2 /* ESDetalhemovie.swift in Sources */,
				76F414EA204307B5007F50C2 /* ESFavoriteMovies.swift in Sources */,
				76B5BF442042454100A76A15 /* AppDelegate.swift in Sources */,
				76F4A3E82044AF790002E2DC /* ESVideo.swift in Sources */,
				76B5BF752042532100A76A15 /* ESMovieJson.swift in Sources */,
				76F414EC204307C9007F50C2 /* ESSearchMovie.swift in Sources */,
				76F4A3EA2044AFB60002E2DC /* ESVIdeoDetail.swift in Sources */,
				76F414E8204307A8007F50C2 /* ESListMovies.swift in Sources */,
				76F414EE20430CE8007F50C2 /* ESMoviewCell.swift in Sources */,
				76F414F220435D10007F50C2 /* ESMovieModel.swift in Sources */,
				76B5BF4C2042454100A76A15 /* QueSerie.xcdatamodeld in Sources */,
			);
			runOnlyForDeploymentPostprocessing = 0;
		};
		76B5BF532042454100A76A15 /* Sources */ = {
			isa = PBXSourcesBuildPhase;
			buildActionMask = 2147483647;
			files = (
				76B5BF5C2042454100A76A15 /* QueSerieTests.swift in Sources */,
			);
			runOnlyForDeploymentPostprocessing = 0;
		};
		76B5BF5E2042454100A76A15 /* Sources */ = {
			isa = PBXSourcesBuildPhase;
			buildActionMask = 2147483647;
			files = (
				76B5BF672042454100A76A15 /* QueSerieUITests.swift in Sources */,
			);
			runOnlyForDeploymentPostprocessing = 0;
		};
/* End PBXSourcesBuildPhase section */

/* Begin PBXTargetDependency section */
		76B5BF592042454100A76A15 /* PBXTargetDependency */ = {
			isa = PBXTargetDependency;
			target = 76B5BF3F2042454100A76A15 /* QueSerie */;
			targetProxy = 76B5BF582042454100A76A15 /* PBXContainerItemProxy */;
		};
		76B5BF642042454100A76A15 /* PBXTargetDependency */ = {
			isa = PBXTargetDependency;
			target = 76B5BF3F2042454100A76A15 /* QueSerie */;
			targetProxy = 76B5BF632042454100A76A15 /* PBXContainerItemProxy */;
		};
/* End PBXTargetDependency section */

/* Begin PBXVariantGroup section */
		76B5BF472042454100A76A15 /* Main.storyboard */ = {
			isa = PBXVariantGroup;
			children = (
				76B5BF482042454100A76A15 /* Base */,
			);
			name = Main.storyboard;
			sourceTree = "<group>";
		};
		76B5BF4F2042454100A76A15 /* LaunchScreen.storyboard */ = {
			isa = PBXVariantGroup;
			children = (
				76B5BF502042454100A76A15 /* Base */,
			);
			name = LaunchScreen.storyboard;
			sourceTree = "<group>";
		};
/* End PBXVariantGroup section */

/* Begin XCBuildConfiguration section */
		76B5BF692042454100A76A15 /* Debug */ = {
			isa = XCBuildConfiguration;
			buildSettings = {
				ALWAYS_SEARCH_USER_PATHS = NO;
				CLANG_ANALYZER_NONNULL = YES;
				CLANG_ANALYZER_NUMBER_OBJECT_CONVERSION = YES_AGGRESSIVE;
				CLANG_CXX_LANGUAGE_STANDARD = "gnu++14";
				CLANG_CXX_LIBRARY = "libc++";
				CLANG_ENABLE_MODULES = YES;
				CLANG_ENABLE_OBJC_ARC = YES;
				CLANG_WARN_BLOCK_CAPTURE_AUTORELEASING = YES;
				CLANG_WARN_BOOL_CONVERSION = YES;
				CLANG_WARN_COMMA = YES;
				CLANG_WARN_CONSTANT_CONVERSION = YES;
				CLANG_WARN_DIRECT_OBJC_ISA_USAGE = YES_ERROR;
				CLANG_WARN_DOCUMENTATION_COMMENTS = YES;
				CLANG_WARN_EMPTY_BODY = YES;
				CLANG_WARN_ENUM_CONVERSION = YES;
				CLANG_WARN_INFINITE_RECURSION = YES;
				CLANG_WARN_INT_CONVERSION = YES;
				CLANG_WARN_NON_LITERAL_NULL_CONVERSION = YES;
				CLANG_WARN_OBJC_LITERAL_CONVERSION = YES;
				CLANG_WARN_OBJC_ROOT_CLASS = YES_ERROR;
				CLANG_WARN_RANGE_LOOP_ANALYSIS = YES;
				CLANG_WARN_STRICT_PROTOTYPES = YES;
				CLANG_WARN_SUSPICIOUS_MOVE = YES;
				CLANG_WARN_UNGUARDED_AVAILABILITY = YES_AGGRESSIVE;
				CLANG_WARN_UNREACHABLE_CODE = YES;
				CLANG_WARN__DUPLICATE_METHOD_MATCH = YES;
				CODE_SIGN_IDENTITY = "iPhone Developer";
				COPY_PHASE_STRIP = NO;
				DEBUG_INFORMATION_FORMAT = dwarf;
				ENABLE_STRICT_OBJC_MSGSEND = YES;
				ENABLE_TESTABILITY = YES;
				GCC_C_LANGUAGE_STANDARD = gnu11;
				GCC_DYNAMIC_NO_PIC = NO;
				GCC_NO_COMMON_BLOCKS = YES;
				GCC_OPTIMIZATION_LEVEL = 0;
				GCC_PREPROCESSOR_DEFINITIONS = (
					"DEBUG=1",
					"$(inherited)",
				);
				GCC_WARN_64_TO_32_BIT_CONVERSION = YES;
				GCC_WARN_ABOUT_RETURN_TYPE = YES_ERROR;
				GCC_WARN_UNDECLARED_SELECTOR = YES;
				GCC_WARN_UNINITIALIZED_AUTOS = YES_AGGRESSIVE;
				GCC_WARN_UNUSED_FUNCTION = YES;
				GCC_WARN_UNUSED_VARIABLE = YES;
				IPHONEOS_DEPLOYMENT_TARGET = 11.2;
				MTL_ENABLE_DEBUG_INFO = YES;
				ONLY_ACTIVE_ARCH = YES;
				SDKROOT = iphoneos;
				SWIFT_ACTIVE_COMPILATION_CONDITIONS = DEBUG;
				SWIFT_OPTIMIZATION_LEVEL = "-Onone";
			};
			name = Debug;
		};
		76B5BF6A2042454100A76A15 /* Release */ = {
			isa = XCBuildConfiguration;
			buildSettings = {
				ALWAYS_SEARCH_USER_PATHS = NO;
				CLANG_ANALYZER_NONNULL = YES;
				CLANG_ANALYZER_NUMBER_OBJECT_CONVERSION = YES_AGGRESSIVE;
				CLANG_CXX_LANGUAGE_STANDARD = "gnu++14";
				CLANG_CXX_LIBRARY = "libc++";
				CLANG_ENABLE_MODULES = YES;
				CLANG_ENABLE_OBJC_ARC = YES;
				CLANG_WARN_BLOCK_CAPTURE_AUTORELEASING = YES;
				CLANG_WARN_BOOL_CONVERSION = YES;
				CLANG_WARN_COMMA = YES;
				CLANG_WARN_CONSTANT_CONVERSION = YES;
				CLANG_WARN_DIRECT_OBJC_ISA_USAGE = YES_ERROR;
				CLANG_WARN_DOCUMENTATION_COMMENTS = YES;
				CLANG_WARN_EMPTY_BODY = YES;
				CLANG_WARN_ENUM_CONVERSION = YES;
				CLANG_WARN_INFINITE_RECURSION = YES;
				CLANG_WARN_INT_CONVERSION = YES;
				CLANG_WARN_NON_LITERAL_NULL_CONVERSION = YES;
				CLANG_WARN_OBJC_LITERAL_CONVERSION = YES;
				CLANG_WARN_OBJC_ROOT_CLASS = YES_ERROR;
				CLANG_WARN_RANGE_LOOP_ANALYSIS = YES;
				CLANG_WARN_STRICT_PROTOTYPES = YES;
				CLANG_WARN_SUSPICIOUS_MOVE = YES;
				CLANG_WARN_UNGUARDED_AVAILABILITY = YES_AGGRESSIVE;
				CLANG_WARN_UNREACHABLE_CODE = YES;
				CLANG_WARN__DUPLICATE_METHOD_MATCH = YES;
				CODE_SIGN_IDENTITY = "iPhone Developer";
				COPY_PHASE_STRIP = NO;
				DEBUG_INFORMATION_FORMAT = "dwarf-with-dsym";
				ENABLE_NS_ASSERTIONS = NO;
				ENABLE_STRICT_OBJC_MSGSEND = YES;
				GCC_C_LANGUAGE_STANDARD = gnu11;
				GCC_NO_COMMON_BLOCKS = YES;
				GCC_WARN_64_TO_32_BIT_CONVERSION = YES;
				GCC_WARN_ABOUT_RETURN_TYPE = YES_ERROR;
				GCC_WARN_UNDECLARED_SELECTOR = YES;
				GCC_WARN_UNINITIALIZED_AUTOS = YES_AGGRESSIVE;
				GCC_WARN_UNUSED_FUNCTION = YES;
				GCC_WARN_UNUSED_VARIABLE = YES;
				IPHONEOS_DEPLOYMENT_TARGET = 11.2;
				MTL_ENABLE_DEBUG_INFO = NO;
				SDKROOT = iphoneos;
				SWIFT_OPTIMIZATION_LEVEL = "-Owholemodule";
				VALIDATE_PRODUCT = YES;
			};
			name = Release;
		};
		76B5BF6C2042454100A76A15 /* Debug */ = {
			isa = XCBuildConfiguration;
			baseConfigurationReference = 2F2D57F8474EE2C6B40FAAA2 /* Pods-QueSerie.debug.xcconfig */;
			buildSettings = {
				ASSETCATALOG_COMPILER_APPICON_NAME = AppIcon;
				CODE_SIGN_STYLE = Automatic;
				INFOPLIST_FILE = QueSerie/Info.plist;
				LD_RUNPATH_SEARCH_PATHS = "$(inherited) @executable_path/Frameworks";
				PRODUCT_BUNDLE_IDENTIFIER = br.com.QueSerie;
				PRODUCT_NAME = "$(TARGET_NAME)";
				SWIFT_VERSION = 4.0;
				TARGETED_DEVICE_FAMILY = 1;
			};
			name = Debug;
		};
		76B5BF6D2042454100A76A15 /* Release */ = {
			isa = XCBuildConfiguration;
			baseConfigurationReference = 1A251C9E73A62BBFD64C45DE /* Pods-QueSerie.release.xcconfig */;
			buildSettings = {
				ASSETCATALOG_COMPILER_APPICON_NAME = AppIcon;
				CODE_SIGN_STYLE = Automatic;
				INFOPLIST_FILE = QueSerie/Info.plist;
				LD_RUNPATH_SEARCH_PATHS = "$(inherited) @executable_path/Frameworks";
				PRODUCT_BUNDLE_IDENTIFIER = br.com.QueSerie;
				PRODUCT_NAME = "$(TARGET_NAME)";
				SWIFT_VERSION = 4.0;
				TARGETED_DEVICE_FAMILY = 1;
			};
			name = Release;
		};
		76B5BF6F2042454100A76A15 /* Debug */ = {
			isa = XCBuildConfiguration;
			baseConfigurationReference = D528D1C1B9742E74A9C90EC8 /* Pods-QueSerieTests.debug.xcconfig */;
			buildSettings = {
				ALWAYS_EMBED_SWIFT_STANDARD_LIBRARIES = YES;
				BUNDLE_LOADER = "$(TEST_HOST)";
				CODE_SIGN_STYLE = Automatic;
				INFOPLIST_FILE = QueSerieTests/Info.plist;
				LD_RUNPATH_SEARCH_PATHS = "$(inherited) @executable_path/Frameworks @loader_path/Frameworks";
				PRODUCT_BUNDLE_IDENTIFIER = br.com.QueSerieTests;
				PRODUCT_NAME = "$(TARGET_NAME)";
				SWIFT_VERSION = 4.0;
				TARGETED_DEVICE_FAMILY = "1,2";
				TEST_HOST = "$(BUILT_PRODUCTS_DIR)/QueSerie.app/QueSerie";
			};
			name = Debug;
		};
		76B5BF702042454100A76A15 /* Release */ = {
			isa = XCBuildConfiguration;
			baseConfigurationReference = 4EA7428E977204A83B7D33E4 /* Pods-QueSerieTests.release.xcconfig */;
			buildSettings = {
				ALWAYS_EMBED_SWIFT_STANDARD_LIBRARIES = YES;
				BUNDLE_LOADER = "$(TEST_HOST)";
				CODE_SIGN_STYLE = Automatic;
				INFOPLIST_FILE = QueSerieTests/Info.plist;
				LD_RUNPATH_SEARCH_PATHS = "$(inherited) @executable_path/Frameworks @loader_path/Frameworks";
				PRODUCT_BUNDLE_IDENTIFIER = br.com.QueSerieTests;
				PRODUCT_NAME = "$(TARGET_NAME)";
				SWIFT_VERSION = 4.0;
				TARGETED_DEVICE_FAMILY = "1,2";
				TEST_HOST = "$(BUILT_PRODUCTS_DIR)/QueSerie.app/QueSerie";
			};
			name = Release;
		};
		76B5BF722042454100A76A15 /* Debug */ = {
			isa = XCBuildConfiguration;
			baseConfigurationReference = 312115633DF01335E59914F5 /* Pods-QueSerieUITests.debug.xcconfig */;
			buildSettings = {
				ALWAYS_EMBED_SWIFT_STANDARD_LIBRARIES = YES;
				CODE_SIGN_STYLE = Automatic;
				INFOPLIST_FILE = QueSerieUITests/Info.plist;
				LD_RUNPATH_SEARCH_PATHS = "$(inherited) @executable_path/Frameworks @loader_path/Frameworks";
				PRODUCT_BUNDLE_IDENTIFIER = br.com.QueSerieUITests;
				PRODUCT_NAME = "$(TARGET_NAME)";
				SWIFT_VERSION = 4.0;
				TARGETED_DEVICE_FAMILY = "1,2";
				TEST_TARGET_NAME = QueSerie;
			};
			name = Debug;
		};
		76B5BF732042454100A76A15 /* Release */ = {
			isa = XCBuildConfiguration;
			baseConfigurationReference = D5BB83F875780091CD3667A0 /* Pods-QueSerieUITests.release.xcconfig */;
			buildSettings = {
				ALWAYS_EMBED_SWIFT_STANDARD_LIBRARIES = YES;
				CODE_SIGN_STYLE = Automatic;
				INFOPLIST_FILE = QueSerieUITests/Info.plist;
				LD_RUNPATH_SEARCH_PATHS = "$(inherited) @executable_path/Frameworks @loader_path/Frameworks";
				PRODUCT_BUNDLE_IDENTIFIER = br.com.QueSerieUITests;
				PRODUCT_NAME = "$(TARGET_NAME)";
				SWIFT_VERSION = 4.0;
				TARGETED_DEVICE_FAMILY = "1,2";
				TEST_TARGET_NAME = QueSerie;
			};
			name = Release;
		};
/* End XCBuildConfiguration section */

/* Begin XCConfigurationList section */
		76B5BF3B2042454100A76A15 /* Build configuration list for PBXProject "QueSerie" */ = {
			isa = XCConfigurationList;
			buildConfigurations = (
				76B5BF692042454100A76A15 /* Debug */,
				76B5BF6A2042454100A76A15 /* Release */,
			);
			defaultConfigurationIsVisible = 0;
			defaultConfigurationName = Release;
		};
		76B5BF6B2042454100A76A15 /* Build configuration list for PBXNativeTarget "QueSerie" */ = {
			isa = XCConfigurationList;
			buildConfigurations = (
				76B5BF6C2042454100A76A15 /* Debug */,
				76B5BF6D2042454100A76A15 /* Release */,
			);
			defaultConfigurationIsVisible = 0;
			defaultConfigurationName = Release;
		};
		76B5BF6E2042454100A76A15 /* Build configuration list for PBXNativeTarget "QueSerieTests" */ = {
			isa = XCConfigurationList;
			buildConfigurations = (
				76B5BF6F2042454100A76A15 /* Debug */,
				76B5BF702042454100A76A15 /* Release */,
			);
			defaultConfigurationIsVisible = 0;
			defaultConfigurationName = Release;
		};
		76B5BF712042454100A76A15 /* Build configuration list for PBXNativeTarget "QueSerieUITests" */ = {
			isa = XCConfigurationList;
			buildConfigurations = (
				76B5BF722042454100A76A15 /* Debug */,
				76B5BF732042454100A76A15 /* Release */,
			);
			defaultConfigurationIsVisible = 0;
			defaultConfigurationName = Release;
		};
/* End XCConfigurationList section */

/* Begin XCVersionGroup section */
		76B5BF4A2042454100A76A15 /* QueSerie.xcdatamodeld */ = {
			isa = XCVersionGroup;
			children = (
				76B5BF4B2042454100A76A15 /* QueSerie.xcdatamodel */,
			);
			currentVersion = 76B5BF4B2042454100A76A15 /* QueSerie.xcdatamodel */;
			path = QueSerie.xcdatamodeld;
			sourceTree = "<group>";
			versionGroupType = wrapper.xcdatamodel;
		};
/* End XCVersionGroup section */
	};
	rootObject = 76B5BF382042454100A76A15 /* Project object */;
}
